
Microsoft Visual Studio Solution File, Format Version 12.00
# Visual Studio Version 16
VisualStudioVersion = 16.0.31911.196
MinimumVisualStudioVersion = 10.0.40219.1
Project("{FAE04EC0-301F-11D3-BF4B-00C04F79EFBC}") = "Задание 11", "Задание 11\Задание 11.csproj", "{D1964983-6745-419E-9F15-773FB63701A3}"
EndProject
Global
	GlobalSection(SolutionConfigurationPlatforms) = preSolution
		Debug|Any CPU = Debug|Any CPU
		Release|Any CPU = Release|Any CPU
	EndGlobalSection
	GlobalSection(ProjectConfigurationPlatforms) = postSolution
		{D1964983-6745-419E-9F15-773FB63701A3}.Debug|Any CPU.ActiveCfg = Debug|Any CPU
		{D1964983-6745-419E-9F15-773FB63701A3}.Debug|Any CPU.Build.0 = Debug|Any CPU
		{D1964983-6745-419E-9F15-773FB63701A3}.Release|Any CPU.ActiveCfg = Release|Any CPU
		{D1964983-6745-419E-9F15-773FB63701A3}.Release|Any CPU.Build.0 = Release|Any CPU
	EndGlobalSection
	GlobalSection(SolutionProperties) = preSolution
		HideSolutionNode = FALSE
	EndGlobalSection
	GlobalSection(ExtensibilityGlobals) = postSolution
		SolutionGuid = {B4A61F57-69DF-40DE-9893-A9BC3B5061A7}
	EndGlobalSection
EndGlobal
